# Generated by pub
# See http://pub.dartlang.org/doc/glossary.html#lockfile
packages:
  path:
    description:
      name: path
      url: "https://pub.dartlang.org"
    source: hosted
    version: "1.4.1"
  stack_trace:
    description:
      name: stack_trace
      url: "https://pub.dartlang.org"
    source: hosted
    version: "1.7.1"
  unittest:
    description:
      name: unittest
      url: "https://pub.dartlang.org"
    source: hosted
    version: "0.11.7"
sdk: ">=1.14.0 <1.16.0"
